# This file is generated by running "yarn install" inside your project.
# Manual changes might be lost - proceed with caution!

__metadata:
  version: 8
  cacheKey: 10c0

"root-workspace-0b6124@workspace:.":
  version: 0.0.0-use.local
  resolution: "root-workspace-0b6124@workspace:."
  dependencies:
    xmldoc: "npm:1.2.0"
  languageName: unknown
  linkType: soft

"sax@npm:^1.2.4":
  version: 1.4.1
  resolution: "sax@npm:1.4.1"
  checksum: 10c0/6bf86318a254c5d898ede6bd3ded15daf68ae08a5495a2739564eb265cd13bcc64a07ab466fb204f67ce472bb534eb8612dac587435515169593f4fffa11de7c
  languageName: node
  linkType: hard

"xmldoc@npm:1.2.0":
  version: 1.2.0
  resolution: "xmldoc@npm:1.2.0"
  dependencies:
    sax: "npm:^1.2.4"
  checksum: 10c0/67da405237bd2698d20c8c16896d348b5bc86e7929a2d948cd8032fcd8e66dd0d7335a7d45e9007bf1a49223d6a765ce2045c393f5723aab209d174859eb4d67
  languageName: node
  linkType: hard
