# This file is generated by running "yarn install" inside your project.
# Manual changes might be lost - proceed with caution!

__metadata:
  version: 8
  cacheKey: 10c0

"root-workspace-0b6124@workspace:.":
  version: 0.0.0-use.local
  resolution: "root-workspace-0b6124@workspace:."
  dependencies:
    xmldoc: "npm:^1.2.0"
  languageName: unknown
  linkType: soft

"sax@npm:^1.2.4":
  version: 1.4.1
  resolution: "sax@npm:1.4.1"
  checksum: 10c0/6bf86318a254c5d898ede6bd3ded15daf68ae08a5495a2739564eb265cd13bcc64a07ab466fb204f67ce472bb534eb8612dac587435515169593f4fffa11de7c
  languageName: node
  linkType: hard

"xmldoc@npm:^1.2.0":
  version: 1.3.0
  resolution: "xmldoc@npm:1.3.0"
  dependencies:
    sax: "npm:^1.2.4"
  checksum: 10c0/7957c57ff77008ced62063560d3e8f80c7fdf31d3fafa12d16c9f1fe676c8255f50889e8f41b61cca4cd473b841eedf2625089dcaf3f6b8717df521b9d0acfcf
  languageName: node
  linkType: hard
